github.com/setanarut/apng v1.0.5 h1:z/dhJgvzDCmMD1BW4LGUq8vJUCC0stUkbP9t/9KcHHo=
github.com/setanarut/apng v1.0.5/go.mod h1:vsT7/yC9w9noWN/9Fkv36r1nU/vieKJY5HXe0k+kRD4=
github.com/setanarut/v v1.1.1 h1:Y5hlOHbHQxT21PDSQFLBHd+OQHClmfG+CSnq1LytxZA=
github.com/setanarut/v v1.1.1/go.mod h1:g4nFgNBw7ulbO6VYnHeAdWqATCBWHjI6IX6uh/fRJEw=
github.com/srwiley/rasterx v0.0.0-20220730225603-2ab79fcdd4ef h1:Ch6Q+AZUxDBCVqdkI8FSpFyZDtCVBc2VmejdNrm5rRQ=
github.com/srwiley/rasterx v0.0.0-20220730225603-2ab79fcdd4ef/go.mod h1:nXTWP6+gD5+LUJ8krVhhoeHjvHTutPxMYl5SvkcnJNE=
github.com/srwiley/scanFT v0.0.0-20220128184157-0d1ee492111f h1:uLR2GaV0kWYZ3Ns3l3sjtiN+mOWAQadvrL8HXcyKjl0=
github.com/srwiley/scanFT v0.0.0-20220128184157-0d1ee492111f/go.mod h1:LZwgIPG9X6nH6j5Ef+xMFspl6Hru4b5EJxzMfeqHYJY=
golang.org/x/image v0.27.0 h1:C8gA4oWU/tKkdCfYT6T2u4faJu3MeNS5O8UPWlPF61w=
golang.org/x/image v0.27.0/go.mod h1:xbdrClrAUway1MUTEZDq9mz/UpRwYAkFFNUslZtcB+g=
